
Microsoft Visual Studio Solution File, Format Version 12.00
# Visual Studio 2013
VisualStudioVersion = 12.0.31101.0
MinimumVisualStudioVersion = 10.0.40219.1
Project("{FAE04EC0-301F-11D3-BF4B-00C04F79EFBC}") = "MLearning.Touch", "MLearning.Touch\MLearning.Touch.csproj", "{D8F2DF74-B338-4D93-953A-61AD30DCD23D}"
EndProject
Project("{FAE04EC0-301F-11D3-BF4B-00C04F79EFBC}") = "MLearning.Web", "MLearning.Web\MLearning.Web.csproj", "{4B595D3A-16CA-4E80-9F43-CCDD18CB56A4}"
EndProject
Project("{FAE04EC0-301F-11D3-BF4B-00C04F79EFBC}") = "MLearning.Store", "MLearning.Store\MLearning.Store.csproj", "{60CF62CA-5D26-4B35-9559-08D3B2398A75}"
EndProject
Project("{FAE04EC0-301F-11D3-BF4B-00C04F79EFBC}") = "MLearning.Droid", "MLearning.Droid\MLearning.Droid.csproj", "{328AE02E-C12E-4720-BDB6-37891AAB4CE8}"
EndProject
Project("{FAE04EC0-301F-11D3-BF4B-00C04F79EFBC}") = "DataGenerator", "DataGenerator\DataGenerator.csproj", "{B2825AA7-9B31-4E7D-B7A0-696DCDDA00F2}"
EndProject
Project("{FAE04EC0-301F-11D3-BF4B-00C04F79EFBC}") = "MLearning.Core", "MLearning.Core\MLearning.Core.csproj", "{5A3B79A2-507C-489B-9DEB-4710A75677F3}"
EndProject
Global
	GlobalSection(SolutionConfigurationPlatforms) = preSolution
		Ad-Hoc|Any CPU = Ad-Hoc|Any CPU
		Ad-Hoc|ARM = Ad-Hoc|ARM
		Ad-Hoc|iPhone = Ad-Hoc|iPhone
		Ad-Hoc|iPhoneSimulator = Ad-Hoc|iPhoneSimulator
		Ad-Hoc|Mixed Platforms = Ad-Hoc|Mixed Platforms
		Ad-Hoc|x64 = Ad-Hoc|x64
		Ad-Hoc|x86 = Ad-Hoc|x86
		AppStore|Any CPU = AppStore|Any CPU
		AppStore|ARM = AppStore|ARM
		AppStore|iPhone = AppStore|iPhone
		AppStore|iPhoneSimulator = AppStore|iPhoneSimulator
		AppStore|Mixed Platforms = AppStore|Mixed Platforms
		AppStore|x64 = AppStore|x64
		AppStore|x86 = AppStore|x86
		Debug|Any CPU = Debug|Any CPU
		Debug|ARM = Debug|ARM
		Debug|iPhone = Debug|iPhone
		Debug|iPhoneSimulator = Debug|iPhoneSimulator
		Debug|Mixed Platforms = Debug|Mixed Platforms
		Debug|x64 = Debug|x64
		Debug|x86 = Debug|x86
		Release|Any CPU = Release|Any CPU
		Release|ARM = Release|ARM
		Release|iPhone = Release|iPhone
		Release|iPhoneSimulator = Release|iPhoneSimulator
		Release|Mixed Platforms = Release|Mixed Platforms
		Release|x64 = Release|x64
		Release|x86 = Release|x86
	EndGlobalSection
	GlobalSection(ProjectConfigurationPlatforms) = postSolution
		{D8F2DF74-B338-4D93-953A-61AD30DCD23D}.Ad-Hoc|Any CPU.ActiveCfg = Ad-Hoc|iPhone
		{D8F2DF74-B338-4D93-953A-61AD30DCD23D}.Ad-Hoc|ARM.ActiveCfg = Ad-Hoc|iPhoneSimulator
		{D8F2DF74-B338-4D93-953A-61AD30DCD23D}.Ad-Hoc|iPhone.ActiveCfg = Ad-Hoc|iPhone
		{D8F2DF74-B338-4D93-953A-61AD30DCD23D}.Ad-Hoc|iPhone.Build.0 = Ad-Hoc|iPhone
		{D8F2DF74-B338-4D93-953A-61AD30DCD23D}.Ad-Hoc|iPhone.Deploy.0 = Ad-Hoc|iPhone
		{D8F2DF74-B338-4D93-953A-61AD30DCD23D}.Ad-Hoc|iPhoneSimulator.ActiveCfg = Ad-Hoc|iPhoneSimulator
		{D8F2DF74-B338-4D93-953A-61AD30DCD23D}.Ad-Hoc|iPhoneSimulator.Build.0 = Ad-Hoc|iPhoneSimulator
		{D8F2DF74-B338-4D93-953A-61AD30DCD23D}.Ad-Hoc|iPhoneSimulator.Deploy.0 = Ad-Hoc|iPhoneSimulator
		{D8F2DF74-B338-4D93-953A-61AD30DCD23D}.Ad-Hoc|Mixed Platforms.ActiveCfg = Ad-Hoc|iPhone
		{D8F2DF74-B338-4D93-953A-61AD30DCD23D}.Ad-Hoc|Mixed Platforms.Build.0 = Ad-Hoc|iPhone
		{D8F2DF74-B338-4D93-953A-61AD30DCD23D}.Ad-Hoc|Mixed Platforms.Deploy.0 = Ad-Hoc|iPhone
		{D8F2DF74-B338-4D93-953A-61AD30DCD23D}.Ad-Hoc|x64.ActiveCfg = Ad-Hoc|iPhoneSimulator
		{D8F2DF74-B338-4D93-953A-61AD30DCD23D}.Ad-Hoc|x86.ActiveCfg = Ad-Hoc|iPhoneSimulator
		{D8F2DF74-B338-4D93-953A-61AD30DCD23D}.AppStore|Any CPU.ActiveCfg = AppStore|iPhone
		{D8F2DF74-B338-4D93-953A-61AD30DCD23D}.AppStore|ARM.ActiveCfg = AppStore|iPhoneSimulator
		{D8F2DF74-B338-4D93-953A-61AD30DCD23D}.AppStore|iPhone.ActiveCfg = AppStore|iPhone
		{D8F2DF74-B338-4D93-953A-61AD30DCD23D}.AppStore|iPhone.Build.0 = AppStore|iPhone
		{D8F2DF74-B338-4D93-953A-61AD30DCD23D}.AppStore|iPhone.Deploy.0 = AppStore|iPhone
		{D8F2DF74-B338-4D93-953A-61AD30DCD23D}.AppStore|iPhoneSimulator.ActiveCfg = AppStore|iPhoneSimulator
		{D8F2DF74-B338-4D93-953A-61AD30DCD23D}.AppStore|iPhoneSimulator.Build.0 = AppStore|iPhoneSimulator
		{D8F2DF74-B338-4D93-953A-61AD30DCD23D}.AppStore|iPhoneSimulator.Deploy.0 = AppStore|iPhoneSimulator
		{D8F2DF74-B338-4D93-953A-61AD30DCD23D}.AppStore|Mixed Platforms.ActiveCfg = AppStore|iPhone
		{D8F2DF74-B338-4D93-953A-61AD30DCD23D}.AppStore|Mixed Platforms.Build.0 = AppStore|iPhone
		{D8F2DF74-B338-4D93-953A-61AD30DCD23D}.AppStore|Mixed Platforms.Deploy.0 = AppStore|iPhone
		{D8F2DF74-B338-4D93-953A-61AD30DCD23D}.AppStore|x64.ActiveCfg = AppStore|iPhoneSimulator
		{D8F2DF74-B338-4D93-953A-61AD30DCD23D}.AppStore|x86.ActiveCfg = AppStore|iPhoneSimulator
		{D8F2DF74-B338-4D93-953A-61AD30DCD23D}.Debug|Any CPU.ActiveCfg = Debug|iPhone
		{D8F2DF74-B338-4D93-953A-61AD30DCD23D}.Debug|ARM.ActiveCfg = Debug|iPhoneSimulator
		{D8F2DF74-B338-4D93-953A-61AD30DCD23D}.Debug|iPhone.ActiveCfg = Debug|iPhone
		{D8F2DF74-B338-4D93-953A-61AD30DCD23D}.Debug|iPhone.Build.0 = Debug|iPhone
		{D8F2DF74-B338-4D93-953A-61AD30DCD23D}.Debug|iPhone.Deploy.0 = Debug|iPhone
		{D8F2DF74-B338-4D93-953A-61AD30DCD23D}.Debug|iPhoneSimulator.ActiveCfg = Debug|iPhoneSimulator
		{D8F2DF74-B338-4D93-953A-61AD30DCD23D}.Debug|iPhoneSimulator.Build.0 = Debug|iPhoneSimulator
		{D8F2DF74-B338-4D93-953A-61AD30DCD23D}.Debug|iPhoneSimulator.Deploy.0 = Debug|iPhoneSimulator
		{D8F2DF74-B338-4D93-953A-61AD30DCD23D}.Debug|Mixed Platforms.ActiveCfg = Debug|iPhone
		{D8F2DF74-B338-4D93-953A-61AD30DCD23D}.Debug|Mixed Platforms.Build.0 = Debug|iPhone
		{D8F2DF74-B338-4D93-953A-61AD30DCD23D}.Debug|Mixed Platforms.Deploy.0 = Debug|iPhone
		{D8F2DF74-B338-4D93-953A-61AD30DCD23D}.Debug|x64.ActiveCfg = Debug|iPhoneSimulator
		{D8F2DF74-B338-4D93-953A-61AD30DCD23D}.Debug|x86.ActiveCfg = Debug|iPhoneSimulator
		{D8F2DF74-B338-4D93-953A-61AD30DCD23D}.Release|Any CPU.ActiveCfg = Release|iPhone
		{D8F2DF74-B338-4D93-953A-61AD30DCD23D}.Release|ARM.ActiveCfg = Release|iPhoneSimulator
		{D8F2DF74-B338-4D93-953A-61AD30DCD23D}.Release|iPhone.ActiveCfg = Release|iPhone
		{D8F2DF74-B338-4D93-953A-61AD30DCD23D}.Release|iPhone.Build.0 = Release|iPhone
		{D8F2DF74-B338-4D93-953A-61AD30DCD23D}.Release|iPhone.Deploy.0 = Release|iPhone
		{D8F2DF74-B338-4D93-953A-61AD30DCD23D}.Release|iPhoneSimulator.ActiveCfg = Release|iPhoneSimulator
		{D8F2DF74-B338-4D93-953A-61AD30DCD23D}.Release|iPhoneSimulator.Build.0 = Release|iPhoneSimulator
		{D8F2DF74-B338-4D93-953A-61AD30DCD23D}.Release|iPhoneSimulator.Deploy.0 = Release|iPhoneSimulator
		{D8F2DF74-B338-4D93-953A-61AD30DCD23D}.Release|Mixed Platforms.ActiveCfg = Release|iPhone
		{D8F2DF74-B338-4D93-953A-61AD30DCD23D}.Release|Mixed Platforms.Build.0 = Release|iPhone
		{D8F2DF74-B338-4D93-953A-61AD30DCD23D}.Release|Mixed Platforms.Deploy.0 = Release|iPhone
		{D8F2DF74-B338-4D93-953A-61AD30DCD23D}.Release|x64.ActiveCfg = Release|iPhoneSimulator
		{D8F2DF74-B338-4D93-953A-61AD30DCD23D}.Release|x86.ActiveCfg = Release|iPhoneSimulator
		{4B595D3A-16CA-4E80-9F43-CCDD18CB56A4}.Ad-Hoc|Any CPU.ActiveCfg = Release|Any CPU
		{4B595D3A-16CA-4E80-9F43-CCDD18CB56A4}.Ad-Hoc|Any CPU.Build.0 = Release|Any CPU
		{4B595D3A-16CA-4E80-9F43-CCDD18CB56A4}.Ad-Hoc|ARM.ActiveCfg = Release|Any CPU
		{4B595D3A-16CA-4E80-9F43-CCDD18CB56A4}.Ad-Hoc|iPhone.ActiveCfg = Release|Any CPU
		{4B595D3A-16CA-4E80-9F43-CCDD18CB56A4}.Ad-Hoc|iPhoneSimulator.ActiveCfg = Release|Any CPU
		{4B595D3A-16CA-4E80-9F43-CCDD18CB56A4}.Ad-Hoc|Mixed Platforms.ActiveCfg = Release|Any CPU
		{4B595D3A-16CA-4E80-9F43-CCDD18CB56A4}.Ad-Hoc|Mixed Platforms.Build.0 = Release|Any CPU
		{4B595D3A-16CA-4E80-9F43-CCDD18CB56A4}.Ad-Hoc|x64.ActiveCfg = Debug|Any CPU
		{4B595D3A-16CA-4E80-9F43-CCDD18CB56A4}.Ad-Hoc|x86.ActiveCfg = Release|Any CPU
		{4B595D3A-16CA-4E80-9F43-CCDD18CB56A4}.AppStore|Any CPU.ActiveCfg = Release|Any CPU
		{4B595D3A-16CA-4E80-9F43-CCDD18CB56A4}.AppStore|Any CPU.Build.0 = Release|Any CPU
		{4B595D3A-16CA-4E80-9F43-CCDD18CB56A4}.AppStore|ARM.ActiveCfg = Release|Any CPU
		{4B595D3A-16CA-4E80-9F43-CCDD18CB56A4}.AppStore|iPhone.ActiveCfg = Release|Any CPU
		{4B595D3A-16CA-4E80-9F43-CCDD18CB56A4}.AppStore|iPhoneSimulator.ActiveCfg = Release|Any CPU
		{4B595D3A-16CA-4E80-9F43-CCDD18CB56A4}.AppStore|Mixed Platforms.ActiveCfg = Release|Any CPU
		{4B595D3A-16CA-4E80-9F43-CCDD18CB56A4}.AppStore|Mixed Platforms.Build.0 = Release|Any CPU
		{4B595D3A-16CA-4E80-9F43-CCDD18CB56A4}.AppStore|x64.ActiveCfg = Debug|Any CPU
		{4B595D3A-16CA-4E80-9F43-CCDD18CB56A4}.AppStore|x86.ActiveCfg = Release|Any CPU
		{4B595D3A-16CA-4E80-9F43-CCDD18CB56A4}.Debug|Any CPU.ActiveCfg = Debug|Any CPU
		{4B595D3A-16CA-4E80-9F43-CCDD18CB56A4}.Debug|Any CPU.Build.0 = Debug|Any CPU
		{4B595D3A-16CA-4E80-9F43-CCDD18CB56A4}.Debug|ARM.ActiveCfg = Debug|Any CPU
		{4B595D3A-16CA-4E80-9F43-CCDD18CB56A4}.Debug|iPhone.ActiveCfg = Debug|Any CPU
		{4B595D3A-16CA-4E80-9F43-CCDD18CB56A4}.Debug|iPhoneSimulator.ActiveCfg = Debug|Any CPU
		{4B595D3A-16CA-4E80-9F43-CCDD18CB56A4}.Debug|Mixed Platforms.ActiveCfg = Debug|Any CPU
		{4B595D3A-16CA-4E80-9F43-CCDD18CB56A4}.Debug|Mixed Platforms.Build.0 = Debug|Any CPU
		{4B595D3A-16CA-4E80-9F43-CCDD18CB56A4}.Debug|x64.ActiveCfg = Debug|Any CPU
		{4B595D3A-16CA-4E80-9F43-CCDD18CB56A4}.Debug|x86.ActiveCfg = Debug|Any CPU
		{4B595D3A-16CA-4E80-9F43-CCDD18CB56A4}.Debug|x86.Build.0 = Debug|Any CPU
		{4B595D3A-16CA-4E80-9F43-CCDD18CB56A4}.Release|Any CPU.ActiveCfg = Release|Any CPU
		{4B595D3A-16CA-4E80-9F43-CCDD18CB56A4}.Release|Any CPU.Build.0 = Release|Any CPU
		{4B595D3A-16CA-4E80-9F43-CCDD18CB56A4}.Release|ARM.ActiveCfg = Release|Any CPU
		{4B595D3A-16CA-4E80-9F43-CCDD18CB56A4}.Release|iPhone.ActiveCfg = Release|Any CPU
		{4B595D3A-16CA-4E80-9F43-CCDD18CB56A4}.Release|iPhoneSimulator.ActiveCfg = Release|Any CPU
		{4B595D3A-16CA-4E80-9F43-CCDD18CB56A4}.Release|Mixed Platforms.ActiveCfg = Release|Any CPU
		{4B595D3A-16CA-4E80-9F43-CCDD18CB56A4}.Release|Mixed Platforms.Build.0 = Release|Any CPU
		{4B595D3A-16CA-4E80-9F43-CCDD18CB56A4}.Release|x64.ActiveCfg = Release|Any CPU
		{4B595D3A-16CA-4E80-9F43-CCDD18CB56A4}.Release|x86.ActiveCfg = Release|Any CPU
		{60CF62CA-5D26-4B35-9559-08D3B2398A75}.Ad-Hoc|Any CPU.ActiveCfg = Release|Any CPU
		{60CF62CA-5D26-4B35-9559-08D3B2398A75}.Ad-Hoc|Any CPU.Build.0 = Release|Any CPU
		{60CF62CA-5D26-4B35-9559-08D3B2398A75}.Ad-Hoc|Any CPU.Deploy.0 = Release|Any CPU
		{60CF62CA-5D26-4B35-9559-08D3B2398A75}.Ad-Hoc|ARM.ActiveCfg = Release|ARM
		{60CF62CA-5D26-4B35-9559-08D3B2398A75}.Ad-Hoc|ARM.Build.0 = Release|ARM
		{60CF62CA-5D26-4B35-9559-08D3B2398A75}.Ad-Hoc|ARM.Deploy.0 = Release|ARM
		{60CF62CA-5D26-4B35-9559-08D3B2398A75}.Ad-Hoc|iPhone.ActiveCfg = Release|Any CPU
		{60CF62CA-5D26-4B35-9559-08D3B2398A75}.Ad-Hoc|iPhoneSimulator.ActiveCfg = Release|Any CPU
		{60CF62CA-5D26-4B35-9559-08D3B2398A75}.Ad-Hoc|Mixed Platforms.ActiveCfg = Release|x86
		{60CF62CA-5D26-4B35-9559-08D3B2398A75}.Ad-Hoc|Mixed Platforms.Build.0 = Release|x86
		{60CF62CA-5D26-4B35-9559-08D3B2398A75}.Ad-Hoc|Mixed Platforms.Deploy.0 = Release|x86
		{60CF62CA-5D26-4B35-9559-08D3B2398A75}.Ad-Hoc|x64.ActiveCfg = Release|x64
		{60CF62CA-5D26-4B35-9559-08D3B2398A75}.Ad-Hoc|x64.Build.0 = Release|x64
		{60CF62CA-5D26-4B35-9559-08D3B2398A75}.Ad-Hoc|x64.Deploy.0 = Release|x64
		{60CF62CA-5D26-4B35-9559-08D3B2398A75}.Ad-Hoc|x86.ActiveCfg = Release|x86
		{60CF62CA-5D26-4B35-9559-08D3B2398A75}.Ad-Hoc|x86.Build.0 = Release|x86
		{60CF62CA-5D26-4B35-9559-08D3B2398A75}.Ad-Hoc|x86.Deploy.0 = Release|x86
		{60CF62CA-5D26-4B35-9559-08D3B2398A75}.AppStore|Any CPU.ActiveCfg = Release|Any CPU
		{60CF62CA-5D26-4B35-9559-08D3B2398A75}.AppStore|Any CPU.Build.0 = Release|Any CPU
		{60CF62CA-5D26-4B35-9559-08D3B2398A75}.AppStore|Any CPU.Deploy.0 = Release|Any CPU
		{60CF62CA-5D26-4B35-9559-08D3B2398A75}.AppStore|ARM.ActiveCfg = Release|ARM
		{60CF62CA-5D26-4B35-9559-08D3B2398A75}.AppStore|ARM.Build.0 = Release|ARM
		{60CF62CA-5D26-4B35-9559-08D3B2398A75}.AppStore|ARM.Deploy.0 = Release|ARM
		{60CF62CA-5D26-4B35-9559-08D3B2398A75}.AppStore|iPhone.ActiveCfg = Release|Any CPU
		{60CF62CA-5D26-4B35-9559-08D3B2398A75}.AppStore|iPhoneSimulator.ActiveCfg = Release|Any CPU
		{60CF62CA-5D26-4B35-9559-08D3B2398A75}.AppStore|Mixed Platforms.ActiveCfg = Release|x86
		{60CF62CA-5D26-4B35-9559-08D3B2398A75}.AppStore|Mixed Platforms.Build.0 = Release|x86
		{60CF62CA-5D26-4B35-9559-08D3B2398A75}.AppStore|Mixed Platforms.Deploy.0 = Release|x86
		{60CF62CA-5D26-4B35-9559-08D3B2398A75}.AppStore|x64.ActiveCfg = Release|x64
		{60CF62CA-5D26-4B35-9559-08D3B2398A75}.AppStore|x64.Build.0 = Release|x64
		{60CF62CA-5D26-4B35-9559-08D3B2398A75}.AppStore|x64.Deploy.0 = Release|x64
		{60CF62CA-5D26-4B35-9559-08D3B2398A75}.AppStore|x86.ActiveCfg = Release|x86
		{60CF62CA-5D26-4B35-9559-08D3B2398A75}.AppStore|x86.Build.0 = Release|x86
		{60CF62CA-5D26-4B35-9559-08D3B2398A75}.AppStore|x86.Deploy.0 = Release|x86
		{60CF62CA-5D26-4B35-9559-08D3B2398A75}.Debug|Any CPU.ActiveCfg = Debug|Any CPU
		{60CF62CA-5D26-4B35-9559-08D3B2398A75}.Debug|Any CPU.Build.0 = Debug|Any CPU
		{60CF62CA-5D26-4B35-9559-08D3B2398A75}.Debug|Any CPU.Deploy.0 = Debug|Any CPU
		{60CF62CA-5D26-4B35-9559-08D3B2398A75}.Debug|ARM.ActiveCfg = Debug|ARM
		{60CF62CA-5D26-4B35-9559-08D3B2398A75}.Debug|ARM.Build.0 = Debug|ARM
		{60CF62CA-5D26-4B35-9559-08D3B2398A75}.Debug|ARM.Deploy.0 = Debug|ARM
		{60CF62CA-5D26-4B35-9559-08D3B2398A75}.Debug|iPhone.ActiveCfg = Debug|Any CPU
		{60CF62CA-5D26-4B35-9559-08D3B2398A75}.Debug|iPhoneSimulator.ActiveCfg = Debug|Any CPU
		{60CF62CA-5D26-4B35-9559-08D3B2398A75}.Debug|Mixed Platforms.ActiveCfg = Debug|Any CPU
		{60CF62CA-5D26-4B35-9559-08D3B2398A75}.Debug|Mixed Platforms.Build.0 = Debug|Any CPU
		{60CF62CA-5D26-4B35-9559-08D3B2398A75}.Debug|Mixed Platforms.Deploy.0 = Debug|Any CPU
		{60CF62CA-5D26-4B35-9559-08D3B2398A75}.Debug|x64.ActiveCfg = Debug|x64
		{60CF62CA-5D26-4B35-9559-08D3B2398A75}.Debug|x64.Build.0 = Debug|x64
		{60CF62CA-5D26-4B35-9559-08D3B2398A75}.Debug|x64.Deploy.0 = Debug|x64
		{60CF62CA-5D26-4B35-9559-08D3B2398A75}.Debug|x86.ActiveCfg = Debug|x86
		{60CF62CA-5D26-4B35-9559-08D3B2398A75}.Debug|x86.Build.0 = Debug|x86
		{60CF62CA-5D26-4B35-9559-08D3B2398A75}.Debug|x86.Deploy.0 = Debug|x86
		{60CF62CA-5D26-4B35-9559-08D3B2398A75}.Release|Any CPU.ActiveCfg = Release|Any CPU
		{60CF62CA-5D26-4B35-9559-08D3B2398A75}.Release|Any CPU.Build.0 = Release|Any CPU
		{60CF62CA-5D26-4B35-9559-08D3B2398A75}.Release|Any CPU.Deploy.0 = Release|Any CPU
		{60CF62CA-5D26-4B35-9559-08D3B2398A75}.Release|ARM.ActiveCfg = Release|ARM
		{60CF62CA-5D26-4B35-9559-08D3B2398A75}.Release|ARM.Build.0 = Release|ARM
		{60CF62CA-5D26-4B35-9559-08D3B2398A75}.Release|ARM.Deploy.0 = Release|ARM
		{60CF62CA-5D26-4B35-9559-08D3B2398A75}.Release|iPhone.ActiveCfg = Release|Any CPU
		{60CF62CA-5D26-4B35-9559-08D3B2398A75}.Release|iPhoneSimulator.ActiveCfg = Release|Any CPU
		{60CF62CA-5D26-4B35-9559-08D3B2398A75}.Release|Mixed Platforms.ActiveCfg = Release|x86
		{60CF62CA-5D26-4B35-9559-08D3B2398A75}.Release|Mixed Platforms.Build.0 = Release|x86
		{60CF62CA-5D26-4B35-9559-08D3B2398A75}.Release|Mixed Platforms.Deploy.0 = Release|x86
		{60CF62CA-5D26-4B35-9559-08D3B2398A75}.Release|x64.ActiveCfg = Release|x64
		{60CF62CA-5D26-4B35-9559-08D3B2398A75}.Release|x64.Build.0 = Release|x64
		{60CF62CA-5D26-4B35-9559-08D3B2398A75}.Release|x64.Deploy.0 = Release|x64
		{60CF62CA-5D26-4B35-9559-08D3B2398A75}.Release|x86.ActiveCfg = Release|x86
		{60CF62CA-5D26-4B35-9559-08D3B2398A75}.Release|x86.Build.0 = Release|x86
		{60CF62CA-5D26-4B35-9559-08D3B2398A75}.Release|x86.Deploy.0 = Release|x86
		{328AE02E-C12E-4720-BDB6-37891AAB4CE8}.Ad-Hoc|Any CPU.ActiveCfg = Release|Any CPU
		{328AE02E-C12E-4720-BDB6-37891AAB4CE8}.Ad-Hoc|Any CPU.Build.0 = Release|Any CPU
		{328AE02E-C12E-4720-BDB6-37891AAB4CE8}.Ad-Hoc|Any CPU.Deploy.0 = Release|Any CPU
		{328AE02E-C12E-4720-BDB6-37891AAB4CE8}.Ad-Hoc|ARM.ActiveCfg = Release|Any CPU
		{328AE02E-C12E-4720-BDB6-37891AAB4CE8}.Ad-Hoc|iPhone.ActiveCfg = Release|Any CPU
		{328AE02E-C12E-4720-BDB6-37891AAB4CE8}.Ad-Hoc|iPhoneSimulator.ActiveCfg = Release|Any CPU
		{328AE02E-C12E-4720-BDB6-37891AAB4CE8}.Ad-Hoc|Mixed Platforms.ActiveCfg = Release|Any CPU
		{328AE02E-C12E-4720-BDB6-37891AAB4CE8}.Ad-Hoc|Mixed Platforms.Build.0 = Release|Any CPU
		{328AE02E-C12E-4720-BDB6-37891AAB4CE8}.Ad-Hoc|Mixed Platforms.Deploy.0 = Release|Any CPU
		{328AE02E-C12E-4720-BDB6-37891AAB4CE8}.Ad-Hoc|x64.ActiveCfg = Release|Any CPU
		{328AE02E-C12E-4720-BDB6-37891AAB4CE8}.Ad-Hoc|x86.ActiveCfg = Release|Any CPU
		{328AE02E-C12E-4720-BDB6-37891AAB4CE8}.AppStore|Any CPU.ActiveCfg = Release|Any CPU
		{328AE02E-C12E-4720-BDB6-37891AAB4CE8}.AppStore|Any CPU.Build.0 = Release|Any CPU
		{328AE02E-C12E-4720-BDB6-37891AAB4CE8}.AppStore|Any CPU.Deploy.0 = Release|Any CPU
		{328AE02E-C12E-4720-BDB6-37891AAB4CE8}.AppStore|ARM.ActiveCfg = Release|Any CPU
		{328AE02E-C12E-4720-BDB6-37891AAB4CE8}.AppStore|iPhone.ActiveCfg = Release|Any CPU
		{328AE02E-C12E-4720-BDB6-37891AAB4CE8}.AppStore|iPhoneSimulator.ActiveCfg = Release|Any CPU
		{328AE02E-C12E-4720-BDB6-37891AAB4CE8}.AppStore|Mixed Platforms.ActiveCfg = Release|Any CPU
		{328AE02E-C12E-4720-BDB6-37891AAB4CE8}.AppStore|Mixed Platforms.Build.0 = Release|Any CPU
		{328AE02E-C12E-4720-BDB6-37891AAB4CE8}.AppStore|Mixed Platforms.Deploy.0 = Release|Any CPU
		{328AE02E-C12E-4720-BDB6-37891AAB4CE8}.AppStore|x64.ActiveCfg = Release|Any CPU
		{328AE02E-C12E-4720-BDB6-37891AAB4CE8}.AppStore|x86.ActiveCfg = Release|Any CPU
		{328AE02E-C12E-4720-BDB6-37891AAB4CE8}.Debug|Any CPU.ActiveCfg = Debug|Any CPU
		{328AE02E-C12E-4720-BDB6-37891AAB4CE8}.Debug|Any CPU.Build.0 = Debug|Any CPU
		{328AE02E-C12E-4720-BDB6-37891AAB4CE8}.Debug|Any CPU.Deploy.0 = Debug|Any CPU
		{328AE02E-C12E-4720-BDB6-37891AAB4CE8}.Debug|ARM.ActiveCfg = Debug|Any CPU
		{328AE02E-C12E-4720-BDB6-37891AAB4CE8}.Debug|iPhone.ActiveCfg = Debug|Any CPU
		{328AE02E-C12E-4720-BDB6-37891AAB4CE8}.Debug|iPhoneSimulator.ActiveCfg = Debug|Any CPU
		{328AE02E-C12E-4720-BDB6-37891AAB4CE8}.Debug|Mixed Platforms.ActiveCfg = Debug|Any CPU
		{328AE02E-C12E-4720-BDB6-37891AAB4CE8}.Debug|Mixed Platforms.Build.0 = Debug|Any CPU
		{328AE02E-C12E-4720-BDB6-37891AAB4CE8}.Debug|Mixed Platforms.Deploy.0 = Debug|Any CPU
		{328AE02E-C12E-4720-BDB6-37891AAB4CE8}.Debug|x64.ActiveCfg = Debug|Any CPU
		{328AE02E-C12E-4720-BDB6-37891AAB4CE8}.Debug|x86.ActiveCfg = Debug|Any CPU
		{328AE02E-C12E-4720-BDB6-37891AAB4CE8}.Debug|x86.Build.0 = Debug|Any CPU
		{328AE02E-C12E-4720-BDB6-37891AAB4CE8}.Debug|x86.Deploy.0 = Debug|Any CPU
		{328AE02E-C12E-4720-BDB6-37891AAB4CE8}.Release|Any CPU.ActiveCfg = Release|Any CPU
		{328AE02E-C12E-4720-BDB6-37891AAB4CE8}.Release|Any CPU.Build.0 = Release|Any CPU
		{328AE02E-C12E-4720-BDB6-37891AAB4CE8}.Release|Any CPU.Deploy.0 = Release|Any CPU
		{328AE02E-C12E-4720-BDB6-37891AAB4CE8}.Release|ARM.ActiveCfg = Release|Any CPU
		{328AE02E-C12E-4720-BDB6-37891AAB4CE8}.Release|iPhone.ActiveCfg = Release|Any CPU
		{328AE02E-C12E-4720-BDB6-37891AAB4CE8}.Release|iPhoneSimulator.ActiveCfg = Release|Any CPU
		{328AE02E-C12E-4720-BDB6-37891AAB4CE8}.Release|Mixed Platforms.ActiveCfg = Release|Any CPU
		{328AE02E-C12E-4720-BDB6-37891AAB4CE8}.Release|Mixed Platforms.Build.0 = Release|Any CPU
		{328AE02E-C12E-4720-BDB6-37891AAB4CE8}.Release|Mixed Platforms.Deploy.0 = Release|Any CPU
		{328AE02E-C12E-4720-BDB6-37891AAB4CE8}.Release|x64.ActiveCfg = Release|Any CPU
		{328AE02E-C12E-4720-BDB6-37891AAB4CE8}.Release|x86.ActiveCfg = Release|Any CPU
		{B2825AA7-9B31-4E7D-B7A0-696DCDDA00F2}.Ad-Hoc|Any CPU.ActiveCfg = Release|Any CPU
		{B2825AA7-9B31-4E7D-B7A0-696DCDDA00F2}.Ad-Hoc|Any CPU.Build.0 = Release|Any CPU
		{B2825AA7-9B31-4E7D-B7A0-696DCDDA00F2}.Ad-Hoc|ARM.ActiveCfg = Release|Any CPU
		{B2825AA7-9B31-4E7D-B7A0-696DCDDA00F2}.Ad-Hoc|iPhone.ActiveCfg = Release|Any CPU
		{B2825AA7-9B31-4E7D-B7A0-696DCDDA00F2}.Ad-Hoc|iPhoneSimulator.ActiveCfg = Release|Any CPU
		{B2825AA7-9B31-4E7D-B7A0-696DCDDA00F2}.Ad-Hoc|Mixed Platforms.ActiveCfg = Release|Any CPU
		{B2825AA7-9B31-4E7D-B7A0-696DCDDA00F2}.Ad-Hoc|Mixed Platforms.Build.0 = Release|Any CPU
		{B2825AA7-9B31-4E7D-B7A0-696DCDDA00F2}.Ad-Hoc|x64.ActiveCfg = Release|Any CPU
		{B2825AA7-9B31-4E7D-B7A0-696DCDDA00F2}.Ad-Hoc|x86.ActiveCfg = Release|Any CPU
		{B2825AA7-9B31-4E7D-B7A0-696DCDDA00F2}.AppStore|Any CPU.ActiveCfg = Release|Any CPU
		{B2825AA7-9B31-4E7D-B7A0-696DCDDA00F2}.AppStore|Any CPU.Build.0 = Release|Any CPU
		{B2825AA7-9B31-4E7D-B7A0-696DCDDA00F2}.AppStore|ARM.ActiveCfg = Release|Any CPU
		{B2825AA7-9B31-4E7D-B7A0-696DCDDA00F2}.AppStore|iPhone.ActiveCfg = Release|Any CPU
		{B2825AA7-9B31-4E7D-B7A0-696DCDDA00F2}.AppStore|iPhoneSimulator.ActiveCfg = Release|Any CPU
		{B2825AA7-9B31-4E7D-B7A0-696DCDDA00F2}.AppStore|Mixed Platforms.ActiveCfg = Release|Any CPU
		{B2825AA7-9B31-4E7D-B7A0-696DCDDA00F2}.AppStore|Mixed Platforms.Build.0 = Release|Any CPU
		{B2825AA7-9B31-4E7D-B7A0-696DCDDA00F2}.AppStore|x64.ActiveCfg = Release|Any CPU
		{B2825AA7-9B31-4E7D-B7A0-696DCDDA00F2}.AppStore|x86.ActiveCfg = Release|Any CPU
		{B2825AA7-9B31-4E7D-B7A0-696DCDDA00F2}.Debug|Any CPU.ActiveCfg = Debug|Any CPU
		{B2825AA7-9B31-4E7D-B7A0-696DCDDA00F2}.Debug|Any CPU.Build.0 = Debug|Any CPU
		{B2825AA7-9B31-4E7D-B7A0-696DCDDA00F2}.Debug|ARM.ActiveCfg = Debug|Any CPU
		{B2825AA7-9B31-4E7D-B7A0-696DCDDA00F2}.Debug|iPhone.ActiveCfg = Debug|Any CPU
		{B2825AA7-9B31-4E7D-B7A0-696DCDDA00F2}.Debug|iPhoneSimulator.ActiveCfg = Debug|Any CPU
		{B2825AA7-9B31-4E7D-B7A0-696DCDDA00F2}.Debug|Mixed Platforms.ActiveCfg = Debug|Any CPU
		{B2825AA7-9B31-4E7D-B7A0-696DCDDA00F2}.Debug|Mixed Platforms.Build.0 = Debug|Any CPU
		{B2825AA7-9B31-4E7D-B7A0-696DCDDA00F2}.Debug|x64.ActiveCfg = Debug|Any CPU
		{B2825AA7-9B31-4E7D-B7A0-696DCDDA00F2}.Debug|x86.ActiveCfg = Debug|Any CPU
		{B2825AA7-9B31-4E7D-B7A0-696DCDDA00F2}.Debug|x86.Build.0 = Debug|Any CPU
		{B2825AA7-9B31-4E7D-B7A0-696DCDDA00F2}.Release|Any CPU.ActiveCfg = Release|Any CPU
		{B2825AA7-9B31-4E7D-B7A0-696DCDDA00F2}.Release|Any CPU.Build.0 = Release|Any CPU
		{B2825AA7-9B31-4E7D-B7A0-696DCDDA00F2}.Release|ARM.ActiveCfg = Release|Any CPU
		{B2825AA7-9B31-4E7D-B7A0-696DCDDA00F2}.Release|iPhone.ActiveCfg = Release|Any CPU
		{B2825AA7-9B31-4E7D-B7A0-696DCDDA00F2}.Release|iPhoneSimulator.ActiveCfg = Release|Any CPU
		{B2825AA7-9B31-4E7D-B7A0-696DCDDA00F2}.Release|Mixed Platforms.ActiveCfg = Release|Any CPU
		{B2825AA7-9B31-4E7D-B7A0-696DCDDA00F2}.Release|Mixed Platforms.Build.0 = Release|Any CPU
		{B2825AA7-9B31-4E7D-B7A0-696DCDDA00F2}.Release|x64.ActiveCfg = Release|Any CPU
		{B2825AA7-9B31-4E7D-B7A0-696DCDDA00F2}.Release|x86.ActiveCfg = Release|Any CPU
		{5A3B79A2-507C-489B-9DEB-4710A75677F3}.Ad-Hoc|Any CPU.ActiveCfg = Release|Any CPU
		{5A3B79A2-507C-489B-9DEB-4710A75677F3}.Ad-Hoc|Any CPU.Build.0 = Release|Any CPU
		{5A3B79A2-507C-489B-9DEB-4710A75677F3}.Ad-Hoc|ARM.ActiveCfg = Release|Any CPU
		{5A3B79A2-507C-489B-9DEB-4710A75677F3}.Ad-Hoc|iPhone.ActiveCfg = Release|Any CPU
		{5A3B79A2-507C-489B-9DEB-4710A75677F3}.Ad-Hoc|iPhoneSimulator.ActiveCfg = Release|Any CPU
		{5A3B79A2-507C-489B-9DEB-4710A75677F3}.Ad-Hoc|Mixed Platforms.ActiveCfg = Release|Any CPU
		{5A3B79A2-507C-489B-9DEB-4710A75677F3}.Ad-Hoc|Mixed Platforms.Build.0 = Release|Any CPU
		{5A3B79A2-507C-489B-9DEB-4710A75677F3}.Ad-Hoc|x64.ActiveCfg = Release|Any CPU
		{5A3B79A2-507C-489B-9DEB-4710A75677F3}.Ad-Hoc|x86.ActiveCfg = Release|Any CPU
		{5A3B79A2-507C-489B-9DEB-4710A75677F3}.AppStore|Any CPU.ActiveCfg = Release|Any CPU
		{5A3B79A2-507C-489B-9DEB-4710A75677F3}.AppStore|Any CPU.Build.0 = Release|Any CPU
		{5A3B79A2-507C-489B-9DEB-4710A75677F3}.AppStore|ARM.ActiveCfg = Release|Any CPU
		{5A3B79A2-507C-489B-9DEB-4710A75677F3}.AppStore|iPhone.ActiveCfg = Release|Any CPU
		{5A3B79A2-507C-489B-9DEB-4710A75677F3}.AppStore|iPhoneSimulator.ActiveCfg = Release|Any CPU
		{5A3B79A2-507C-489B-9DEB-4710A75677F3}.AppStore|Mixed Platforms.ActiveCfg = Release|Any CPU
		{5A3B79A2-507C-489B-9DEB-4710A75677F3}.AppStore|Mixed Platforms.Build.0 = Release|Any CPU
		{5A3B79A2-507C-489B-9DEB-4710A75677F3}.AppStore|x64.ActiveCfg = Release|Any CPU
		{5A3B79A2-507C-489B-9DEB-4710A75677F3}.AppStore|x86.ActiveCfg = Release|Any CPU
		{5A3B79A2-507C-489B-9DEB-4710A75677F3}.Debug|Any CPU.ActiveCfg = Debug|Any CPU
		{5A3B79A2-507C-489B-9DEB-4710A75677F3}.Debug|Any CPU.Build.0 = Debug|Any CPU
		{5A3B79A2-507C-489B-9DEB-4710A75677F3}.Debug|ARM.ActiveCfg = Debug|Any CPU
		{5A3B79A2-507C-489B-9DEB-4710A75677F3}.Debug|iPhone.ActiveCfg = Debug|Any CPU
		{5A3B79A2-507C-489B-9DEB-4710A75677F3}.Debug|iPhoneSimulator.ActiveCfg = Debug|Any CPU
		{5A3B79A2-507C-489B-9DEB-4710A75677F3}.Debug|Mixed Platforms.ActiveCfg = Debug|Any CPU
		{5A3B79A2-507C-489B-9DEB-4710A75677F3}.Debug|Mixed Platforms.Build.0 = Debug|Any CPU
		{5A3B79A2-507C-489B-9DEB-4710A75677F3}.Debug|x64.ActiveCfg = Debug|Any CPU
		{5A3B79A2-507C-489B-9DEB-4710A75677F3}.Debug|x86.ActiveCfg = Debug|Any CPU
		{5A3B79A2-507C-489B-9DEB-4710A75677F3}.Release|Any CPU.ActiveCfg = Release|Any CPU
		{5A3B79A2-507C-489B-9DEB-4710A75677F3}.Release|Any CPU.Build.0 = Release|Any CPU
		{5A3B79A2-507C-489B-9DEB-4710A75677F3}.Release|ARM.ActiveCfg = Release|Any CPU
		{5A3B79A2-507C-489B-9DEB-4710A75677F3}.Release|iPhone.ActiveCfg = Release|Any CPU
		{5A3B79A2-507C-489B-9DEB-4710A75677F3}.Release|iPhoneSimulator.ActiveCfg = Release|Any CPU
		{5A3B79A2-507C-489B-9DEB-4710A75677F3}.Release|Mixed Platforms.ActiveCfg = Release|Any CPU
		{5A3B79A2-507C-489B-9DEB-4710A75677F3}.Release|Mixed Platforms.Build.0 = Release|Any CPU
		{5A3B79A2-507C-489B-9DEB-4710A75677F3}.Release|x64.ActiveCfg = Release|Any CPU
		{5A3B79A2-507C-489B-9DEB-4710A75677F3}.Release|x86.ActiveCfg = Release|Any CPU
	EndGlobalSection
	GlobalSection(SolutionProperties) = preSolution
		HideSolutionNode = FALSE
	EndGlobalSection
EndGlobal
